
Microsoft Visual Studio Solution File, Format Version 12.00
# Visual Studio 15
VisualStudioVersion = 15.0.28307.329
MinimumVisualStudioVersion = 10.0.40219.1
Project("{FAE04EC0-301F-11D3-BF4B-00C04F79EFBC}") = "LocalPharmacy", "LocalPharmacy\LocalPharmacy.csproj", "{F5737F53-DB86-497B-BB46-07F114397784}"
EndProject
Global
	GlobalSection(SolutionConfigurationPlatforms) = preSolution
		Debug|Any CPU = Debug|Any CPU
		Release|Any CPU = Release|Any CPU
	EndGlobalSection
	GlobalSection(ProjectConfigurationPlatforms) = postSolution
		{F5737F53-DB86-497B-BB46-07F114397784}.Debug|Any CPU.ActiveCfg = Debug|Any CPU
		{F5737F53-DB86-497B-BB46-07F114397784}.Debug|Any CPU.Build.0 = Debug|Any CPU
		{F5737F53-DB86-497B-BB46-07F114397784}.Release|Any CPU.ActiveCfg = Release|Any CPU
		{F5737F53-DB86-497B-BB46-07F114397784}.Release|Any CPU.Build.0 = Release|Any CPU
	EndGlobalSection
	GlobalSection(SolutionProperties) = preSolution
		HideSolutionNode = FALSE
	EndGlobalSection
	GlobalSection(ExtensibilityGlobals) = postSolution
		SolutionGuid = {94465332-C3EC-48A2-954C-0D9F74DBB7E9}
	EndGlobalSection
EndGlobal
